
Microsoft Visual Studio Solution File, Format Version 12.00
# Visual Studio 2013
VisualStudioVersion = 12.0.21005.1
MinimumVisualStudioVersion = 10.0.40219.1
Project("{FAE04EC0-301F-11D3-BF4B-00C04F79EFBC}") = "Spreadsheet", "Spreadsheet\Spreadsheet.csproj", "{62453CB1-960B-4B47-9296-7B5A860F3663}"
EndProject
Project("{FAE04EC0-301F-11D3-BF4B-00C04F79EFBC}") = "Resources", "Resources\Resources.csproj", "{AFAC036F-9943-4EA8-952F-00A09CAAB480}"
EndProject
Project("{FAE04EC0-301F-11D3-BF4B-00C04F79EFBC}") = "SpreadsheetTest", "SpreadsheetTest\SpreadsheetTest.csproj", "{D55CEEAE-A920-45D8-B791-8C40827955BA}"
EndProject
Project("{FAE04EC0-301F-11D3-BF4B-00C04F79EFBC}") = "SpreadsheetGUI", "SpreadsheetGUI\SpreadsheetGUI.csproj", "{E8E07D54-CBD0-4DCA-A980-07D3974B6FAF}"
EndProject
Global
	GlobalSection(SubversionScc) = preSolution
		Svn-Managed = True
		Manager = AnkhSVN - Subversion Support for Visual Studio
	EndGlobalSection
	GlobalSection(SolutionConfigurationPlatforms) = preSolution
		Debug|Any CPU = Debug|Any CPU
		Release|Any CPU = Release|Any CPU
	EndGlobalSection
	GlobalSection(ProjectConfigurationPlatforms) = postSolution
		{62453CB1-960B-4B47-9296-7B5A860F3663}.Debug|Any CPU.ActiveCfg = Debug|Any CPU
		{62453CB1-960B-4B47-9296-7B5A860F3663}.Debug|Any CPU.Build.0 = Debug|Any CPU
		{62453CB1-960B-4B47-9296-7B5A860F3663}.Release|Any CPU.ActiveCfg = Release|Any CPU
		{62453CB1-960B-4B47-9296-7B5A860F3663}.Release|Any CPU.Build.0 = Release|Any CPU
		{AFAC036F-9943-4EA8-952F-00A09CAAB480}.Debug|Any CPU.ActiveCfg = Debug|Any CPU
		{AFAC036F-9943-4EA8-952F-00A09CAAB480}.Release|Any CPU.ActiveCfg = Release|Any CPU
		{AFAC036F-9943-4EA8-952F-00A09CAAB480}.Release|Any CPU.Build.0 = Release|Any CPU
		{D55CEEAE-A920-45D8-B791-8C40827955BA}.Debug|Any CPU.ActiveCfg = Debug|Any CPU
		{D55CEEAE-A920-45D8-B791-8C40827955BA}.Debug|Any CPU.Build.0 = Debug|Any CPU
		{D55CEEAE-A920-45D8-B791-8C40827955BA}.Release|Any CPU.ActiveCfg = Release|Any CPU
		{D55CEEAE-A920-45D8-B791-8C40827955BA}.Release|Any CPU.Build.0 = Release|Any CPU
		{E8E07D54-CBD0-4DCA-A980-07D3974B6FAF}.Debug|Any CPU.ActiveCfg = Debug|Any CPU
		{E8E07D54-CBD0-4DCA-A980-07D3974B6FAF}.Debug|Any CPU.Build.0 = Debug|Any CPU
		{E8E07D54-CBD0-4DCA-A980-07D3974B6FAF}.Release|Any CPU.ActiveCfg = Release|Any CPU
		{E8E07D54-CBD0-4DCA-A980-07D3974B6FAF}.Release|Any CPU.Build.0 = Release|Any CPU
	EndGlobalSection
	GlobalSection(SolutionProperties) = preSolution
		HideSolutionNode = FALSE
	EndGlobalSection
EndGlobal
