
Microsoft Visual Studio Solution File, Format Version 12.00
# Visual Studio 2013
VisualStudioVersion = 12.0.21005.1
MinimumVisualStudioVersion = 10.0.40219.1
Project("{FAE04EC0-301F-11D3-BF4B-00C04F79EFBC}") = "BoggleServer", "BoggleServer\BoggleServer.csproj", "{31597B96-4CC9-452F-9774-4CBF7ED3DC88}"
EndProject
Project("{FAE04EC0-301F-11D3-BF4B-00C04F79EFBC}") = "Resources", "Resources\Resources.csproj", "{627488FE-C3F4-402B-A3FF-08EECFB47017}"
EndProject
Project("{FAE04EC0-301F-11D3-BF4B-00C04F79EFBC}") = "BoggleClientModel", "BoggleClientModel\BoggleClientModel.csproj", "{5A315A66-B837-4A81-9F73-8CF9EA36CB50}"
EndProject
Project("{FAE04EC0-301F-11D3-BF4B-00C04F79EFBC}") = "Launcher", "Launcher\Launcher.csproj", "{EED78D02-BC70-4E77-B261-2DC96676B0AA}"
EndProject
Project("{FAE04EC0-301F-11D3-BF4B-00C04F79EFBC}") = "BoggleClientTest", "BoggleServerUnitTests\BoggleClientTest.csproj", "{1E3BB4FF-917F-4DD8-AAD9-11462E481E0A}"
EndProject
Project("{FAE04EC0-301F-11D3-BF4B-00C04F79EFBC}") = "BoggleClient", "BoggleClient\BoggleClient.csproj", "{D44EBBB8-6EBA-4E6F-A25F-44BD5E2C323C}"
EndProject
Project("{FAE04EC0-301F-11D3-BF4B-00C04F79EFBC}") = "WebServer", "WebServer\WebServer.csproj", "{9E7233E5-FDC3-47D9-BA74-501826DA9C35}"
EndProject
Global
	GlobalSection(SubversionScc) = preSolution
		Svn-Managed = True
		Manager = AnkhSVN - Subversion Support for Visual Studio
	EndGlobalSection
	GlobalSection(SolutionConfigurationPlatforms) = preSolution
		Debug|Any CPU = Debug|Any CPU
		Release|Any CPU = Release|Any CPU
	EndGlobalSection
	GlobalSection(ProjectConfigurationPlatforms) = postSolution
		{31597B96-4CC9-452F-9774-4CBF7ED3DC88}.Debug|Any CPU.ActiveCfg = Debug|Any CPU
		{31597B96-4CC9-452F-9774-4CBF7ED3DC88}.Debug|Any CPU.Build.0 = Debug|Any CPU
		{31597B96-4CC9-452F-9774-4CBF7ED3DC88}.Release|Any CPU.ActiveCfg = Release|Any CPU
		{31597B96-4CC9-452F-9774-4CBF7ED3DC88}.Release|Any CPU.Build.0 = Release|Any CPU
		{627488FE-C3F4-402B-A3FF-08EECFB47017}.Debug|Any CPU.ActiveCfg = Debug|Any CPU
		{627488FE-C3F4-402B-A3FF-08EECFB47017}.Debug|Any CPU.Build.0 = Debug|Any CPU
		{627488FE-C3F4-402B-A3FF-08EECFB47017}.Release|Any CPU.ActiveCfg = Release|Any CPU
		{627488FE-C3F4-402B-A3FF-08EECFB47017}.Release|Any CPU.Build.0 = Release|Any CPU
		{5A315A66-B837-4A81-9F73-8CF9EA36CB50}.Debug|Any CPU.ActiveCfg = Debug|Any CPU
		{5A315A66-B837-4A81-9F73-8CF9EA36CB50}.Debug|Any CPU.Build.0 = Debug|Any CPU
		{5A315A66-B837-4A81-9F73-8CF9EA36CB50}.Release|Any CPU.ActiveCfg = Release|Any CPU
		{5A315A66-B837-4A81-9F73-8CF9EA36CB50}.Release|Any CPU.Build.0 = Release|Any CPU
		{EED78D02-BC70-4E77-B261-2DC96676B0AA}.Debug|Any CPU.ActiveCfg = Debug|Any CPU
		{EED78D02-BC70-4E77-B261-2DC96676B0AA}.Debug|Any CPU.Build.0 = Debug|Any CPU
		{EED78D02-BC70-4E77-B261-2DC96676B0AA}.Release|Any CPU.ActiveCfg = Release|Any CPU
		{EED78D02-BC70-4E77-B261-2DC96676B0AA}.Release|Any CPU.Build.0 = Release|Any CPU
		{1E3BB4FF-917F-4DD8-AAD9-11462E481E0A}.Debug|Any CPU.ActiveCfg = Debug|Any CPU
		{1E3BB4FF-917F-4DD8-AAD9-11462E481E0A}.Debug|Any CPU.Build.0 = Debug|Any CPU
		{1E3BB4FF-917F-4DD8-AAD9-11462E481E0A}.Release|Any CPU.ActiveCfg = Release|Any CPU
		{1E3BB4FF-917F-4DD8-AAD9-11462E481E0A}.Release|Any CPU.Build.0 = Release|Any CPU
		{D44EBBB8-6EBA-4E6F-A25F-44BD5E2C323C}.Debug|Any CPU.ActiveCfg = Debug|Any CPU
		{D44EBBB8-6EBA-4E6F-A25F-44BD5E2C323C}.Debug|Any CPU.Build.0 = Debug|Any CPU
		{D44EBBB8-6EBA-4E6F-A25F-44BD5E2C323C}.Release|Any CPU.ActiveCfg = Release|Any CPU
		{D44EBBB8-6EBA-4E6F-A25F-44BD5E2C323C}.Release|Any CPU.Build.0 = Release|Any CPU
		{9E7233E5-FDC3-47D9-BA74-501826DA9C35}.Debug|Any CPU.ActiveCfg = Debug|Any CPU
		{9E7233E5-FDC3-47D9-BA74-501826DA9C35}.Debug|Any CPU.Build.0 = Debug|Any CPU
		{9E7233E5-FDC3-47D9-BA74-501826DA9C35}.Release|Any CPU.ActiveCfg = Release|Any CPU
		{9E7233E5-FDC3-47D9-BA74-501826DA9C35}.Release|Any CPU.Build.0 = Release|Any CPU
	EndGlobalSection
	GlobalSection(SolutionProperties) = preSolution
		HideSolutionNode = FALSE
	EndGlobalSection
EndGlobal
